{
    "_readme": [
        "This file locks the dependencies of your project to a known state",
        "Read more about it at https://getcomposer.org/doc/01-basic-usage.md#composer-lock-the-lock-file",
        "This file is @generated automatically"
    ],
    "hash": "f0bd814f12a484a601c07acdd4e6657e",
    "content-hash": "83374bda4ce14d4b07f39e707920d4e1",
    "packages": [
        {
            "name": "csfcloud/utils",
            "version": "dev-master",
            "source": {
                "type": "git",
                "url": "https://github.com/CSFCloud/php-utils.git",
                "reference": "28889768dffcfa88363632105f540461dd1677bf"
            },
            "dist": {
                "type": "zip",
                "url": "https://api.github.com/repos/CSFCloud/php-utils/zipball/28889768dffcfa88363632105f540461dd1677bf",
                "reference": "28889768dffcfa88363632105f540461dd1677bf",
                "shasum": ""
            },
            "require": {
                "php": "^7.0"
            },
            "require-dev": {
                "phpunit/phpunit": "~7.1.5"
            },
            "type": "library",
            "autoload": {
                "psr-4": {
                    "CSFCloud\\": "src/"
                }
            },
            "notification-url": "https://packagist.org/downloads/",
            "license": [
                "MIT"
            ],
            "authors": [
                {
                    "name": "Bence Skorka",
                    "email": "skorka.bence@csfcloud.com",
                    "role": "Developer"
                }
            ],
            "description": "Utils package for frequently used classes and functions",
            "homepage": "https://github.com/CSFCloud/php-utils",
            "time": "2018-05-02 18:24:15"
        }
    ],
    "packages-dev": [],
    "aliases": [],
    "minimum-stability": "stable",
    "stability-flags": {
        "csfcloud/utils": 20
    },
    "prefer-stable": false,
    "prefer-lowest": false,
    "platform": [],
    "platform-dev": []
}
